// !$*UTF8*$!
{
	archiveVersion = 1;
	classes = {
	};
	objectVersion = 56;
	objects = {

/* Begin PBXBuildFile section */
		AA689F1E29DE09B0003B8CFA /* AppDelegate.swift in Sources */ = {isa = PBXBuildFile; fileRef = AA689F1D29DE09B0003B8CFA /* AppDelegate.swift */; };
		AA689F2029DE09B0003B8CFA /* SceneDelegate.swift in Sources */ = {isa = PBXBuildFile; fileRef = AA689F1F29DE09B0003B8CFA /* SceneDelegate.swift */; };
		AA689F2229DE09B0003B8CFA /* ViewController.swift in Sources */ = {isa = PBXBuildFile; fileRef = AA689F2129DE09B0003B8CFA /* ViewController.swift */; };
		AA689F2529DE09B0003B8CFA /* Main.storyboard in Resources */ = {isa = PBXBuildFile; fileRef = AA689F2329DE09B0003B8CFA /* Main.storyboard */; };
		AA689F2829DE09B0003B8CFA /* proto_fbmessenger_mock_ios.xcdatamodeld in Sources */ = {isa = PBXBuildFile; fileRef = AA689F2629DE09B0003B8CFA /* proto_fbmessenger_mock_ios.xcdatamodeld */; };
		AA689F2A29DE09B1003B8CFA /* Assets.xcassets in Resources */ = {isa = PBXBuildFile; fileRef = AA689F2929DE09B1003B8CFA /* Assets.xcassets */; };
		AA689F2D29DE09B1003B8CFA /* LaunchScreen.storyboard in Resources */ = {isa = PBXBuildFile; fileRef = AA689F2B29DE09B1003B8CFA /* LaunchScreen.storyboard */; };
		AA689F3529DE1C5C003B8CFA /* FriendCell.swift in Sources */ = {isa = PBXBuildFile; fileRef = AA689F3429DE1C5C003B8CFA /* FriendCell.swift */; };
		AA689F3D29DF2534003B8CFA /* FriendProfile.swift in Sources */ = {isa = PBXBuildFile; fileRef = AA689F3C29DF2534003B8CFA /* FriendProfile.swift */; };
		AA689F3F29DF2556003B8CFA /* Message.swift in Sources */ = {isa = PBXBuildFile; fileRef = AA689F3E29DF2556003B8CFA /* Message.swift */; };
		AA689F4129DF261E003B8CFA /* ViewController+Extension.swift in Sources */ = {isa = PBXBuildFile; fileRef = AA689F4029DF261E003B8CFA /* ViewController+Extension.swift */; };
		AA689F4E29DF9C14003B8CFA /* MessageCD+CoreDataClass.swift in Sources */ = {isa = PBXBuildFile; fileRef = AA689F4A29DF9C14003B8CFA /* MessageCD+CoreDataClass.swift */; };
		AA689F4F29DF9C14003B8CFA /* MessageCD+CoreDataProperties.swift in Sources */ = {isa = PBXBuildFile; fileRef = AA689F4B29DF9C14003B8CFA /* MessageCD+CoreDataProperties.swift */; };
		AA689F5029DF9C14003B8CFA /* FriendCD+CoreDataClass.swift in Sources */ = {isa = PBXBuildFile; fileRef = AA689F4C29DF9C14003B8CFA /* FriendCD+CoreDataClass.swift */; };
		AA689F5129DF9C14003B8CFA /* FriendCD+CoreDataProperties.swift in Sources */ = {isa = PBXBuildFile; fileRef = AA689F4D29DF9C14003B8CFA /* FriendCD+CoreDataProperties.swift */; };
		AA689F5429DFA8F2003B8CFA /* ColorTransformer.swift in Sources */ = {isa = PBXBuildFile; fileRef = AA689F5329DFA8F2003B8CFA /* ColorTransformer.swift */; };
/* End PBXBuildFile section */

/* Begin PBXFileReference section */
		AA689F1A29DE09B0003B8CFA /* proto-fbmessenger-mock-ios.app */ = {isa = PBXFileReference; explicitFileType = wrapper.application; includeInIndex = 0; path = "proto-fbmessenger-mock-ios.app"; sourceTree = BUILT_PRODUCTS_DIR; };
		AA689F1D29DE09B0003B8CFA /* AppDelegate.swift */ = {isa = PBXFileReference; lastKnownFileType = sourcecode.swift; path = AppDelegate.swift; sourceTree = "<group>"; };
		AA689F1F29DE09B0003B8CFA /* SceneDelegate.swift */ = {isa = PBXFileReference; lastKnownFileType = sourcecode.swift; path = SceneDelegate.swift; sourceTree = "<group>"; };
		AA689F2129DE09B0003B8CFA /* ViewController.swift */ = {isa = PBXFileReference; lastKnownFileType = sourcecode.swift; path = ViewController.swift; sourceTree = "<group>"; };
		AA689F2429DE09B0003B8CFA /* Base */ = {isa = PBXFileReference; lastKnownFileType = file.storyboard; name = Base; path = Base.lproj/Main.storyboard; sourceTree = "<group>"; };
		AA689F2729DE09B0003B8CFA /* proto_fbmessenger_mock_ios.xcdatamodel */ = {isa = PBXFileReference; lastKnownFileType = wrapper.xcdatamodel; path = proto_fbmessenger_mock_ios.xcdatamodel; sourceTree = "<group>"; };
		AA689F2929DE09B1003B8CFA /* Assets.xcassets */ = {isa = PBXFileReference; lastKnownFileType = folder.assetcatalog; path = Assets.xcassets; sourceTree = "<group>"; };
		AA689F2C29DE09B1003B8CFA /* Base */ = {isa = PBXFileReference; lastKnownFileType = file.storyboard; name = Base; path = Base.lproj/LaunchScreen.storyboard; sourceTree = "<group>"; };
		AA689F2E29DE09B1003B8CFA /* Info.plist */ = {isa = PBXFileReference; lastKnownFileType = text.plist.xml; path = Info.plist; sourceTree = "<group>"; };
		AA689F3429DE1C5C003B8CFA /* FriendCell.swift */ = {isa = PBXFileReference; lastKnownFileType = sourcecode.swift; path = FriendCell.swift; sourceTree = "<group>"; };
		AA689F3C29DF2534003B8CFA /* FriendProfile.swift */ = {isa = PBXFileReference; lastKnownFileType = sourcecode.swift; path = FriendProfile.swift; sourceTree = "<group>"; };
		AA689F3E29DF2556003B8CFA /* Message.swift */ = {isa = PBXFileReference; lastKnownFileType = sourcecode.swift; path = Message.swift; sourceTree = "<group>"; };
		AA689F4029DF261E003B8CFA /* ViewController+Extension.swift */ = {isa = PBXFileReference; lastKnownFileType = sourcecode.swift; path = "ViewController+Extension.swift"; sourceTree = "<group>"; };
		AA689F4A29DF9C14003B8CFA /* MessageCD+CoreDataClass.swift */ = {isa = PBXFileReference; lastKnownFileType = sourcecode.swift; path = "MessageCD+CoreDataClass.swift"; sourceTree = "<group>"; };
		AA689F4B29DF9C14003B8CFA /* MessageCD+CoreDataProperties.swift */ = {isa = PBXFileReference; lastKnownFileType = sourcecode.swift; path = "MessageCD+CoreDataProperties.swift"; sourceTree = "<group>"; };
		AA689F4C29DF9C14003B8CFA /* FriendCD+CoreDataClass.swift */ = {isa = PBXFileReference; lastKnownFileType = sourcecode.swift; path = "FriendCD+CoreDataClass.swift"; sourceTree = "<group>"; };
		AA689F4D29DF9C14003B8CFA /* FriendCD+CoreDataProperties.swift */ = {isa = PBXFileReference; lastKnownFileType = sourcecode.swift; path = "FriendCD+CoreDataProperties.swift"; sourceTree = "<group>"; };
		AA689F5329DFA8F2003B8CFA /* ColorTransformer.swift */ = {isa = PBXFileReference; lastKnownFileType = sourcecode.swift; path = ColorTransformer.swift; sourceTree = "<group>"; };
/* End PBXFileReference section */

/* Begin PBXFrameworksBuildPhase section */
		AA689F1729DE09B0003B8CFA /* Frameworks */ = {
			isa = PBXFrameworksBuildPhase;
			buildActionMask = 2147483647;
			files = (
			);
			runOnlyForDeploymentPostprocessing = 0;
		};
/* End PBXFrameworksBuildPhase section */

/* Begin PBXGroup section */
		AA689F1129DE09B0003B8CFA = {
			isa = PBXGroup;
			children = (
				AA689F1C29DE09B0003B8CFA /* proto-fbmessenger-mock-ios */,
				AA689F1B29DE09B0003B8CFA /* Products */,
			);
			sourceTree = "<group>";
		};
		AA689F1B29DE09B0003B8CFA /* Products */ = {
			isa = PBXGroup;
			children = (
				AA689F1A29DE09B0003B8CFA /* proto-fbmessenger-mock-ios.app */,
			);
			name = Products;
			sourceTree = "<group>";
		};
		AA689F1C29DE09B0003B8CFA /* proto-fbmessenger-mock-ios */ = {
			isa = PBXGroup;
			children = (
				AA689F5229DFA8A5003B8CFA /* CoreData */,
				AA689F3729DF2459003B8CFA /* Screens */,
				AA689F1D29DE09B0003B8CFA /* AppDelegate.swift */,
				AA689F1F29DE09B0003B8CFA /* SceneDelegate.swift */,
				AA689F2329DE09B0003B8CFA /* Main.storyboard */,
				AA689F2929DE09B1003B8CFA /* Assets.xcassets */,
				AA689F2B29DE09B1003B8CFA /* LaunchScreen.storyboard */,
				AA689F2E29DE09B1003B8CFA /* Info.plist */,
				AA689F2629DE09B0003B8CFA /* proto_fbmessenger_mock_ios.xcdatamodeld */,
			);
			path = "proto-fbmessenger-mock-ios";
			sourceTree = "<group>";
		};
		AA689F3729DF2459003B8CFA /* Screens */ = {
			isa = PBXGroup;
			children = (
				AA689F3829DF2472003B8CFA /* RecentMessages */,
			);
			path = Screens;
			sourceTree = "<group>";
		};
		AA689F3829DF2472003B8CFA /* RecentMessages */ = {
			isa = PBXGroup;
			children = (
				AA689F3B29DF24B0003B8CFA /* Controller */,
				AA689F3A29DF24A7003B8CFA /* View */,
				AA689F3929DF2499003B8CFA /* Model */,
			);
			path = RecentMessages;
			sourceTree = "<group>";
		};
		AA689F3929DF2499003B8CFA /* Model */ = {
			isa = PBXGroup;
			children = (
				AA689F3C29DF2534003B8CFA /* FriendProfile.swift */,
				AA689F3E29DF2556003B8CFA /* Message.swift */,
			);
			path = Model;
			sourceTree = "<group>";
		};
		AA689F3A29DF24A7003B8CFA /* View */ = {
			isa = PBXGroup;
			children = (
				AA689F3429DE1C5C003B8CFA /* FriendCell.swift */,
			);
			path = View;
			sourceTree = "<group>";
		};
		AA689F3B29DF24B0003B8CFA /* Controller */ = {
			isa = PBXGroup;
			children = (
				AA689F2129DE09B0003B8CFA /* ViewController.swift */,
				AA689F4029DF261E003B8CFA /* ViewController+Extension.swift */,
			);
			path = Controller;
			sourceTree = "<group>";
		};
		AA689F5229DFA8A5003B8CFA /* CoreData */ = {
			isa = PBXGroup;
			children = (
				AA689F4A29DF9C14003B8CFA /* MessageCD+CoreDataClass.swift */,
				AA689F4B29DF9C14003B8CFA /* MessageCD+CoreDataProperties.swift */,
				AA689F4C29DF9C14003B8CFA /* FriendCD+CoreDataClass.swift */,
				AA689F4D29DF9C14003B8CFA /* FriendCD+CoreDataProperties.swift */,
				AA689F5329DFA8F2003B8CFA /* ColorTransformer.swift */,
			);
			path = CoreData;
			sourceTree = "<group>";
		};
/* End PBXGroup section */

/* Begin PBXNativeTarget section */
		AA689F1929DE09B0003B8CFA /* proto-fbmessenger-mock-ios */ = {
			isa = PBXNativeTarget;
			buildConfigurationList = AA689F3129DE09B1003B8CFA /* Build configuration list for PBXNativeTarget "proto-fbmessenger-mock-ios" */;
			buildPhases = (
				AA689F1629DE09B0003B8CFA /* Sources */,
				AA689F1729DE09B0003B8CFA /* Frameworks */,
				AA689F1829DE09B0003B8CFA /* Resources */,
			);
			buildRules = (
			);
			dependencies = (
			);
			name = "proto-fbmessenger-mock-ios";
			productName = "proto-fbmessenger-mock-ios";
			productReference = AA689F1A29DE09B0003B8CFA /* proto-fbmessenger-mock-ios.app */;
			productType = "com.apple.product-type.application";
		};
/* End PBXNativeTarget section */

/* Begin PBXProject section */
		AA689F1229DE09B0003B8CFA /* Project object */ = {
			isa = PBXProject;
			attributes = {
				BuildIndependentTargetsInParallel = 1;
				LastSwiftUpdateCheck = 1430;
				LastUpgradeCheck = 1430;
				TargetAttributes = {
					AA689F1929DE09B0003B8CFA = {
						CreatedOnToolsVersion = 14.3;
					};
				};
			};
			buildConfigurationList = AA689F1529DE09B0003B8CFA /* Build configuration list for PBXProject "proto-fbmessenger-mock-ios" */;
			compatibilityVersion = "Xcode 14.0";
			developmentRegion = en;
			hasScannedForEncodings = 0;
			knownRegions = (
				en,
				Base,
			);
			mainGroup = AA689F1129DE09B0003B8CFA;
			productRefGroup = AA689F1B29DE09B0003B8CFA /* Products */;
			projectDirPath = "";
			projectRoot = "";
			targets = (
				AA689F1929DE09B0003B8CFA /* proto-fbmessenger-mock-ios */,
			);
		};
/* End PBXProject section */

/* Begin PBXResourcesBuildPhase section */
		AA689F1829DE09B0003B8CFA /* Resources */ = {
			isa = PBXResourcesBuildPhase;
			buildActionMask = 2147483647;
			files = (
				AA689F2D29DE09B1003B8CFA /* LaunchScreen.storyboard in Resources */,
				AA689F2A29DE09B1003B8CFA /* Assets.xcassets in Resources */,
				AA689F2529DE09B0003B8CFA /* Main.storyboard in Resources */,
			);
			runOnlyForDeploymentPostprocessing = 0;
		};
/* End PBXResourcesBuildPhase section */

/* Begin PBXSourcesBuildPhase section */
		AA689F1629DE09B0003B8CFA /* Sources */ = {
			isa = PBXSourcesBuildPhase;
			buildActionMask = 2147483647;
			files = (
				AA689F4129DF261E003B8CFA /* ViewController+Extension.swift in Sources */,
				AA689F5029DF9C14003B8CFA /* FriendCD+CoreDataClass.swift in Sources */,
				AA689F5129DF9C14003B8CFA /* FriendCD+CoreDataProperties.swift in Sources */,
				AA689F2229DE09B0003B8CFA /* ViewController.swift in Sources */,
				AA689F4E29DF9C14003B8CFA /* MessageCD+CoreDataClass.swift in Sources */,
				AA689F5429DFA8F2003B8CFA /* ColorTransformer.swift in Sources */,
				AA689F1E29DE09B0003B8CFA /* AppDelegate.swift in Sources */,
				AA689F2829DE09B0003B8CFA /* proto_fbmessenger_mock_ios.xcdatamodeld in Sources */,
				AA689F2029DE09B0003B8CFA /* SceneDelegate.swift in Sources */,
				AA689F3529DE1C5C003B8CFA /* FriendCell.swift in Sources */,
				AA689F3D29DF2534003B8CFA /* FriendProfile.swift in Sources */,
				AA689F4F29DF9C14003B8CFA /* MessageCD+CoreDataProperties.swift in Sources */,
				AA689F3F29DF2556003B8CFA /* Message.swift in Sources */,
			);
			runOnlyForDeploymentPostprocessing = 0;
		};
/* End PBXSourcesBuildPhase section */

/* Begin PBXVariantGroup section */
		AA689F2329DE09B0003B8CFA /* Main.storyboard */ = {
			isa = PBXVariantGroup;
			children = (
				AA689F2429DE09B0003B8CFA /* Base */,
			);
			name = Main.storyboard;
			sourceTree = "<group>";
		};
		AA689F2B29DE09B1003B8CFA /* LaunchScreen.storyboard */ = {
			isa = PBXVariantGroup;
			children = (
				AA689F2C29DE09B1003B8CFA /* Base */,
			);
			name = LaunchScreen.storyboard;
			sourceTree = "<group>";
		};
/* End PBXVariantGroup section */

/* Begin XCBuildConfiguration section */
		AA689F2F29DE09B1003B8CFA /* Debug */ = {
			isa = XCBuildConfiguration;
			buildSettings = {
				ALWAYS_SEARCH_USER_PATHS = NO;
				CLANG_ANALYZER_NONNULL = YES;
				CLANG_ANALYZER_NUMBER_OBJECT_CONVERSION = YES_AGGRESSIVE;
				CLANG_CXX_LANGUAGE_STANDARD = "gnu++20";
				CLANG_ENABLE_MODULES = YES;
				CLANG_ENABLE_OBJC_ARC = YES;
				CLANG_ENABLE_OBJC_WEAK = YES;
				CLANG_WARN_BLOCK_CAPTURE_AUTORELEASING = YES;
				CLANG_WARN_BOOL_CONVERSION = YES;
				CLANG_WARN_COMMA = YES;
				CLANG_WARN_CONSTANT_CONVERSION = YES;
				CLANG_WARN_DEPRECATED_OBJC_IMPLEMENTATIONS = YES;
				CLANG_WARN_DIRECT_OBJC_ISA_USAGE = YES_ERROR;
				CLANG_WARN_DOCUMENTATION_COMMENTS = YES;
				CLANG_WARN_EMPTY_BODY = YES;
				CLANG_WARN_ENUM_CONVERSION = YES;
				CLANG_WARN_INFINITE_RECURSION = YES;
				CLANG_WARN_INT_CONVERSION = YES;
				CLANG_WARN_NON_LITERAL_NULL_CONVERSION = YES;
				CLANG_WARN_OBJC_IMPLICIT_RETAIN_SELF = YES;
				CLANG_WARN_OBJC_LITERAL_CONVERSION = YES;
				CLANG_WARN_OBJC_ROOT_CLASS = YES_ERROR;
				CLANG_WARN_QUOTED_INCLUDE_IN_FRAMEWORK_HEADER = YES;
				CLANG_WARN_RANGE_LOOP_ANALYSIS = YES;
				CLANG_WARN_STRICT_PROTOTYPES = YES;
				CLANG_WARN_SUSPICIOUS_MOVE = YES;
				CLANG_WARN_UNGUARDED_AVAILABILITY = YES_AGGRESSIVE;
				CLANG_WARN_UNREACHABLE_CODE = YES;
				CLANG_WARN__DUPLICATE_METHOD_MATCH = YES;
				COPY_PHASE_STRIP = NO;
				DEBUG_INFORMATION_FORMAT = dwarf;
				ENABLE_STRICT_OBJC_MSGSEND = YES;
				ENABLE_TESTABILITY = YES;
				GCC_C_LANGUAGE_STANDARD = gnu11;
				GCC_DYNAMIC_NO_PIC = NO;
				GCC_NO_COMMON_BLOCKS = YES;
				GCC_OPTIMIZATION_LEVEL = 0;
				GCC_PREPROCESSOR_DEFINITIONS = (
					"DEBUG=1",
					"$(inherited)",
				);
				GCC_WARN_64_TO_32_BIT_CONVERSION = YES;
				GCC_WARN_ABOUT_RETURN_TYPE = YES_ERROR;
				GCC_WARN_UNDECLARED_SELECTOR = YES;
				GCC_WARN_UNINITIALIZED_AUTOS = YES_AGGRESSIVE;
				GCC_WARN_UNUSED_FUNCTION = YES;
				GCC_WARN_UNUSED_VARIABLE = YES;
				IPHONEOS_DEPLOYMENT_TARGET = 16.4;
				MTL_ENABLE_DEBUG_INFO = INCLUDE_SOURCE;
				MTL_FAST_MATH = YES;
				ONLY_ACTIVE_ARCH = YES;
				SDKROOT = iphoneos;
				SWIFT_ACTIVE_COMPILATION_CONDITIONS = DEBUG;
				SWIFT_OPTIMIZATION_LEVEL = "-Onone";
			};
			name = Debug;
		};
		AA689F3029DE09B1003B8CFA /* Release */ = {
			isa = XCBuildConfiguration;
			buildSettings = {
				ALWAYS_SEARCH_USER_PATHS = NO;
				CLANG_ANALYZER_NONNULL = YES;
				CLANG_ANALYZER_NUMBER_OBJECT_CONVERSION = YES_AGGRESSIVE;
				CLANG_CXX_LANGUAGE_STANDARD = "gnu++20";
				CLANG_ENABLE_MODULES = YES;
				CLANG_ENABLE_OBJC_ARC = YES;
				CLANG_ENABLE_OBJC_WEAK = YES;
				CLANG_WARN_BLOCK_CAPTURE_AUTORELEASING = YES;
				CLANG_WARN_BOOL_CONVERSION = YES;
				CLANG_WARN_COMMA = YES;
				CLANG_WARN_CONSTANT_CONVERSION = YES;
				CLANG_WARN_DEPRECATED_OBJC_IMPLEMENTATIONS = YES;
				CLANG_WARN_DIRECT_OBJC_ISA_USAGE = YES_ERROR;
				CLANG_WARN_DOCUMENTATION_COMMENTS = YES;
				CLANG_WARN_EMPTY_BODY = YES;
				CLANG_WARN_ENUM_CONVERSION = YES;
				CLANG_WARN_INFINITE_RECURSION = YES;
				CLANG_WARN_INT_CONVERSION = YES;
				CLANG_WARN_NON_LITERAL_NULL_CONVERSION = YES;
				CLANG_WARN_OBJC_IMPLICIT_RETAIN_SELF = YES;
				CLANG_WARN_OBJC_LITERAL_CONVERSION = YES;
				CLANG_WARN_OBJC_ROOT_CLASS = YES_ERROR;
				CLANG_WARN_QUOTED_INCLUDE_IN_FRAMEWORK_HEADER = YES;
				CLANG_WARN_RANGE_LOOP_ANALYSIS = YES;
				CLANG_WARN_STRICT_PROTOTYPES = YES;
				CLANG_WARN_SUSPICIOUS_MOVE = YES;
				CLANG_WARN_UNGUARDED_AVAILABILITY = YES_AGGRESSIVE;
				CLANG_WARN_UNREACHABLE_CODE = YES;
				CLANG_WARN__DUPLICATE_METHOD_MATCH = YES;
				COPY_PHASE_STRIP = NO;
				DEBUG_INFORMATION_FORMAT = "dwarf-with-dsym";
				ENABLE_NS_ASSERTIONS = NO;
				ENABLE_STRICT_OBJC_MSGSEND = YES;
				GCC_C_LANGUAGE_STANDARD = gnu11;
				GCC_NO_COMMON_BLOCKS = YES;
				GCC_WARN_64_TO_32_BIT_CONVERSION = YES;
				GCC_WARN_ABOUT_RETURN_TYPE = YES_ERROR;
				GCC_WARN_UNDECLARED_SELECTOR = YES;
				GCC_WARN_UNINITIALIZED_AUTOS = YES_AGGRESSIVE;
				GCC_WARN_UNUSED_FUNCTION = YES;
				GCC_WARN_UNUSED_VARIABLE = YES;
				IPHONEOS_DEPLOYMENT_TARGET = 16.4;
				MTL_ENABLE_DEBUG_INFO = NO;
				MTL_FAST_MATH = YES;
				SDKROOT = iphoneos;
				SWIFT_COMPILATION_MODE = wholemodule;
				SWIFT_OPTIMIZATION_LEVEL = "-O";
				VALIDATE_PRODUCT = YES;
			};
			name = Release;
		};
		AA689F3229DE09B1003B8CFA /* Debug */ = {
			isa = XCBuildConfiguration;
			buildSettings = {
				ASSETCATALOG_COMPILER_APPICON_NAME = AppIcon;
				ASSETCATALOG_COMPILER_GLOBAL_ACCENT_COLOR_NAME = AccentColor;
				CODE_SIGN_STYLE = Automatic;
				CURRENT_PROJECT_VERSION = 1;
				GENERATE_INFOPLIST_FILE = YES;
				INFOPLIST_FILE = "proto-fbmessenger-mock-ios/Info.plist";
				INFOPLIST_KEY_UIApplicationSupportsIndirectInputEvents = YES;
				INFOPLIST_KEY_UILaunchStoryboardName = LaunchScreen;
				INFOPLIST_KEY_UIMainStoryboardFile = Main;
				INFOPLIST_KEY_UISupportedInterfaceOrientations_iPad = "UIInterfaceOrientationPortrait UIInterfaceOrientationPortraitUpsideDown UIInterfaceOrientationLandscapeLeft UIInterfaceOrientationLandscapeRight";
				INFOPLIST_KEY_UISupportedInterfaceOrientations_iPhone = "UIInterfaceOrientationPortrait UIInterfaceOrientationLandscapeLeft UIInterfaceOrientationLandscapeRight";
				LD_RUNPATH_SEARCH_PATHS = (
					"$(inherited)",
					"@executable_path/Frameworks",
				);
				MARKETING_VERSION = 1.0;
				PRODUCT_BUNDLE_IDENTIFIER = "com.sankris.proto-fbmessenger-mock-ios";
				PRODUCT_NAME = "$(TARGET_NAME)";
				SWIFT_EMIT_LOC_STRINGS = YES;
				SWIFT_VERSION = 5.0;
				TARGETED_DEVICE_FAMILY = "1,2";
			};
			name = Debug;
		};
		AA689F3329DE09B1003B8CFA /* Release */ = {
			isa = XCBuildConfiguration;
			buildSettings = {
				ASSETCATALOG_COMPILER_APPICON_NAME = AppIcon;
				ASSETCATALOG_COMPILER_GLOBAL_ACCENT_COLOR_NAME = AccentColor;
				CODE_SIGN_STYLE = Automatic;
				CURRENT_PROJECT_VERSION = 1;
				GENERATE_INFOPLIST_FILE = YES;
				INFOPLIST_FILE = "proto-fbmessenger-mock-ios/Info.plist";
				INFOPLIST_KEY_UIApplicationSupportsIndirectInputEvents = YES;
				INFOPLIST_KEY_UILaunchStoryboardName = LaunchScreen;
				INFOPLIST_KEY_UIMainStoryboardFile = Main;
				INFOPLIST_KEY_UISupportedInterfaceOrientations_iPad = "UIInterfaceOrientationPortrait UIInterfaceOrientationPortraitUpsideDown UIInterfaceOrientationLandscapeLeft UIInterfaceOrientationLandscapeRight";
				INFOPLIST_KEY_UISupportedInterfaceOrientations_iPhone = "UIInterfaceOrientationPortrait UIInterfaceOrientationLandscapeLeft UIInterfaceOrientationLandscapeRight";
				LD_RUNPATH_SEARCH_PATHS = (
					"$(inherited)",
					"@executable_path/Frameworks",
				);
				MARKETING_VERSION = 1.0;
				PRODUCT_BUNDLE_IDENTIFIER = "com.sankris.proto-fbmessenger-mock-ios";
				PRODUCT_NAME = "$(TARGET_NAME)";
				SWIFT_EMIT_LOC_STRINGS = YES;
				SWIFT_VERSION = 5.0;
				TARGETED_DEVICE_FAMILY = "1,2";
			};
			name = Release;
		};
/* End XCBuildConfiguration section */

/* Begin XCConfigurationList section */
		AA689F1529DE09B0003B8CFA /* Build configuration list for PBXProject "proto-fbmessenger-mock-ios" */ = {
			isa = XCConfigurationList;
			buildConfigurations = (
				AA689F2F29DE09B1003B8CFA /* Debug */,
				AA689F3029DE09B1003B8CFA /* Release */,
			);
			defaultConfigurationIsVisible = 0;
			defaultConfigurationName = Release;
		};
		AA689F3129DE09B1003B8CFA /* Build configuration list for PBXNativeTarget "proto-fbmessenger-mock-ios" */ = {
			isa = XCConfigurationList;
			buildConfigurations = (
				AA689F3229DE09B1003B8CFA /* Debug */,
				AA689F3329DE09B1003B8CFA /* Release */,
			);
			defaultConfigurationIsVisible = 0;
			defaultConfigurationName = Release;
		};
/* End XCConfigurationList section */

/* Begin XCVersionGroup section */
		AA689F2629DE09B0003B8CFA /* proto_fbmessenger_mock_ios.xcdatamodeld */ = {
			isa = XCVersionGroup;
			children = (
				AA689F2729DE09B0003B8CFA /* proto_fbmessenger_mock_ios.xcdatamodel */,
			);
			currentVersion = AA689F2729DE09B0003B8CFA /* proto_fbmessenger_mock_ios.xcdatamodel */;
			path = proto_fbmessenger_mock_ios.xcdatamodeld;
			sourceTree = "<group>";
			versionGroupType = wrapper.xcdatamodel;
		};
/* End XCVersionGroup section */
	};
	rootObject = AA689F1229DE09B0003B8CFA /* Project object */;
}
